<?xml version="1.0" encoding="utf-8"?>
<Project ToolsVersion="4.0" xmlns="http://schemas.microsoft.com/developer/msbuild/2003">
  <ItemGroup>
    <Filter Include="types">
      <UniqueIdentifier>{a64a91bf-07a2-4d5a-8875-9cfde238bfa5}</UniqueIdentifier>
    </Filter>
    <Filter Include="base">
      <UniqueIdentifier>{3b110258-b389-4e98-b43e-03653c2d875a}</UniqueIdentifier>
    </Filter>
  </ItemGroup>
  <ItemGroup>
    <ClInclude Include="stdafx.h" />
    <ClInclude Include="types\asocket.h">
      <Filter>types</Filter>
    </ClInclude>
    <ClInclude Include="types\client.h">
      <Filter>types</Filter>
    </ClInclude>
    <ClInclude Include="types\server.h">
      <Filter>types</Filter>
    </ClInclude>
  </ItemGroup>
  <ItemGroup>
    <ClCompile Include="main.cpp" />
    <ClCompile Include="stdafx.cpp" />
    <ClCompile Include="types\asocket.cpp">
      <Filter>types</Filter>
    </ClCompile>
    <ClCompile Include="types\client.cpp">
      <Filter>types</Filter>
    </ClCompile>
    <ClCompile Include="types\server.cpp">
      <Filter>types</Filter>
    </ClCompile>
  </ItemGroup>
</Project>